// !$*UTF8*$!
{
	archiveVersion = 1;
	classes = {
	};
	objectVersion = 51;
	objects = {

/* Begin PBXBuildFile section */
		0B13C30123B878D10098A6C8 /* CameraViewController.swift in Sources */ = {isa = PBXBuildFile; fileRef = 0B13C30023B878D10098A6C8 /* CameraViewController.swift */; };
		0B13C30623B8E52F0098A6C8 /* CameraPhotoDelegate.swift in Sources */ = {isa = PBXBuildFile; fileRef = 0B13C30523B8E52F0098A6C8 /* CameraPhotoDelegate.swift */; };
		0B2ED48523B6F02700C6AC99 /* TextRecognizer.swift in Sources */ = {isa = PBXBuildFile; fileRef = 0B2ED48423B6F02700C6AC99 /* TextRecognizer.swift */; };
		0B2ED48923B7085700C6AC99 /* NotesViewController.swift in Sources */ = {isa = PBXBuildFile; fileRef = 0B2ED48823B7085700C6AC99 /* NotesViewController.swift */; };
		0B2ED48C23B70C0600C6AC99 /* DataSource.swift in Sources */ = {isa = PBXBuildFile; fileRef = 0B2ED48B23B70C0600C6AC99 /* DataSource.swift */; };
		0B2ED48E23B70C2800C6AC99 /* NoteDataSource.swift in Sources */ = {isa = PBXBuildFile; fileRef = 0B2ED48D23B70C2800C6AC99 /* NoteDataSource.swift */; };
		0B2ED49023B7181600C6AC99 /* Note.swift in Sources */ = {isa = PBXBuildFile; fileRef = 0B2ED48F23B7181600C6AC99 /* Note.swift */; };
		0B2ED49223B7182C00C6AC99 /* Writable.swift in Sources */ = {isa = PBXBuildFile; fileRef = 0B2ED49123B7182C00C6AC99 /* Writable.swift */; };
		0B2ED49423B71A9D00C6AC99 /* NoteDetailController.swift in Sources */ = {isa = PBXBuildFile; fileRef = 0B2ED49323B71A9D00C6AC99 /* NoteDetailController.swift */; };
		0B2ED49623B71AFE00C6AC99 /* NoteTableCell.swift in Sources */ = {isa = PBXBuildFile; fileRef = 0B2ED49523B71AFE00C6AC99 /* NoteTableCell.swift */; };
		0B31563D23B65F27003330DE /* tessdata in Resources */ = {isa = PBXBuildFile; fileRef = 0B31563C23B65F27003330DE /* tessdata */; };
		46E8DF488CEBC1E02C80152F /* Pods_Octor.framework in Frameworks */ = {isa = PBXBuildFile; fileRef = C71CAE8362299AA6D360C437 /* Pods_Octor.framework */; };
		B8716EED20D0D9B600ACE7D3 /* AppDelegate.swift in Sources */ = {isa = PBXBuildFile; fileRef = B8716EEC20D0D9B600ACE7D3 /* AppDelegate.swift */; };
		B8716EF420D0D9B800ACE7D3 /* Assets.xcassets in Resources */ = {isa = PBXBuildFile; fileRef = B8716EF320D0D9B800ACE7D3 /* Assets.xcassets */; };
		B8716EF720D0D9B800ACE7D3 /* LaunchScreen.storyboard in Resources */ = {isa = PBXBuildFile; fileRef = B8716EF520D0D9B800ACE7D3 /* LaunchScreen.storyboard */; };
/* End PBXBuildFile section */

/* Begin PBXFileReference section */
		0B13C30023B878D10098A6C8 /* CameraViewController.swift */ = {isa = PBXFileReference; lastKnownFileType = sourcecode.swift; path = CameraViewController.swift; sourceTree = "<group>"; };
		0B13C30523B8E52F0098A6C8 /* CameraPhotoDelegate.swift */ = {isa = PBXFileReference; lastKnownFileType = sourcecode.swift; path = CameraPhotoDelegate.swift; sourceTree = "<group>"; };
		0B2ED48423B6F02700C6AC99 /* TextRecognizer.swift */ = {isa = PBXFileReference; lastKnownFileType = sourcecode.swift; path = TextRecognizer.swift; sourceTree = "<group>"; };
		0B2ED48823B7085700C6AC99 /* NotesViewController.swift */ = {isa = PBXFileReference; lastKnownFileType = sourcecode.swift; path = NotesViewController.swift; sourceTree = "<group>"; };
		0B2ED48B23B70C0600C6AC99 /* DataSource.swift */ = {isa = PBXFileReference; lastKnownFileType = sourcecode.swift; path = DataSource.swift; sourceTree = "<group>"; };
		0B2ED48D23B70C2800C6AC99 /* NoteDataSource.swift */ = {isa = PBXFileReference; lastKnownFileType = sourcecode.swift; path = NoteDataSource.swift; sourceTree = "<group>"; };
		0B2ED48F23B7181600C6AC99 /* Note.swift */ = {isa = PBXFileReference; lastKnownFileType = sourcecode.swift; path = Note.swift; sourceTree = "<group>"; };
		0B2ED49123B7182C00C6AC99 /* Writable.swift */ = {isa = PBXFileReference; lastKnownFileType = sourcecode.swift; path = Writable.swift; sourceTree = "<group>"; };
		0B2ED49323B71A9D00C6AC99 /* NoteDetailController.swift */ = {isa = PBXFileReference; lastKnownFileType = sourcecode.swift; path = NoteDetailController.swift; sourceTree = "<group>"; };
		0B2ED49523B71AFE00C6AC99 /* NoteTableCell.swift */ = {isa = PBXFileReference; lastKnownFileType = sourcecode.swift; path = NoteTableCell.swift; sourceTree = "<group>"; };
		0B31563C23B65F27003330DE /* tessdata */ = {isa = PBXFileReference; lastKnownFileType = folder; path = tessdata; sourceTree = "<group>"; };
		4B7BAD648B794EB239166903 /* Pods-Octor.debug.xcconfig */ = {isa = PBXFileReference; includeInIndex = 1; lastKnownFileType = text.xcconfig; name = "Pods-Octor.debug.xcconfig"; path = "Target Support Files/Pods-Octor/Pods-Octor.debug.xcconfig"; sourceTree = "<group>"; };
		A78D37B5048C4482C254D6A6 /* Pods-Octor.release.xcconfig */ = {isa = PBXFileReference; includeInIndex = 1; lastKnownFileType = text.xcconfig; name = "Pods-Octor.release.xcconfig"; path = "Target Support Files/Pods-Octor/Pods-Octor.release.xcconfig"; sourceTree = "<group>"; };
		B8716EE920D0D9B600ACE7D3 /* Octor.app */ = {isa = PBXFileReference; explicitFileType = wrapper.application; includeInIndex = 0; path = Octor.app; sourceTree = BUILT_PRODUCTS_DIR; };
		B8716EEC20D0D9B600ACE7D3 /* AppDelegate.swift */ = {isa = PBXFileReference; lastKnownFileType = sourcecode.swift; path = AppDelegate.swift; sourceTree = "<group>"; };
		B8716EF320D0D9B800ACE7D3 /* Assets.xcassets */ = {isa = PBXFileReference; lastKnownFileType = folder.assetcatalog; path = Assets.xcassets; sourceTree = "<group>"; };
		B8716EF620D0D9B800ACE7D3 /* Base */ = {isa = PBXFileReference; lastKnownFileType = file.storyboard; name = Base; path = Base.lproj/LaunchScreen.storyboard; sourceTree = "<group>"; };
		B8716EF820D0D9B800ACE7D3 /* Info.plist */ = {isa = PBXFileReference; lastKnownFileType = text.plist.xml; path = Info.plist; sourceTree = "<group>"; };
		C71CAE8362299AA6D360C437 /* Pods_Octor.framework */ = {isa = PBXFileReference; explicitFileType = wrapper.framework; includeInIndex = 0; path = Pods_Octor.framework; sourceTree = BUILT_PRODUCTS_DIR; };
/* End PBXFileReference section */

/* Begin PBXFrameworksBuildPhase section */
		B8716EE620D0D9B600ACE7D3 /* Frameworks */ = {
			isa = PBXFrameworksBuildPhase;
			buildActionMask = 2147483647;
			files = (
				46E8DF488CEBC1E02C80152F /* Pods_Octor.framework in Frameworks */,
			);
			runOnlyForDeploymentPostprocessing = 0;
		};
/* End PBXFrameworksBuildPhase section */

/* Begin PBXGroup section */
		0B13C2FF23B86F980098A6C8 /* Util */ = {
			isa = PBXGroup;
			children = (
				0B2ED48423B6F02700C6AC99 /* TextRecognizer.swift */,
			);
			path = Util;
			sourceTree = "<group>";
		};
		0B13C30423B8E3C90098A6C8 /* Camera */ = {
			isa = PBXGroup;
			children = (
				0B13C30023B878D10098A6C8 /* CameraViewController.swift */,
				0B13C30523B8E52F0098A6C8 /* CameraPhotoDelegate.swift */,
			);
			path = Camera;
			sourceTree = "<group>";
		};
		0B249C4F23B60C9E00BE7D34 /* ViewController */ = {
			isa = PBXGroup;
			children = (
				0B2ED49723B71D0900C6AC99 /* Notes */,
				0B13C30423B8E3C90098A6C8 /* Camera */,
			);
			path = ViewController;
			sourceTree = "<group>";
		};
		0B2ED48A23B7099800C6AC99 /* Model */ = {
			isa = PBXGroup;
			children = (
				0B2ED48B23B70C0600C6AC99 /* DataSource.swift */,
				0B2ED48D23B70C2800C6AC99 /* NoteDataSource.swift */,
				0B2ED48F23B7181600C6AC99 /* Note.swift */,
				0B2ED49123B7182C00C6AC99 /* Writable.swift */,
			);
			path = Model;
			sourceTree = "<group>";
		};
		0B2ED49723B71D0900C6AC99 /* Notes */ = {
			isa = PBXGroup;
			children = (
				0B2ED48823B7085700C6AC99 /* NotesViewController.swift */,
				0B2ED49323B71A9D00C6AC99 /* NoteDetailController.swift */,
				0B2ED49523B71AFE00C6AC99 /* NoteTableCell.swift */,
			);
			path = Notes;
			sourceTree = "<group>";
		};
		5EC4379CED2B951BF6F56722 /* Pods */ = {
			isa = PBXGroup;
			children = (
				4B7BAD648B794EB239166903 /* Pods-Octor.debug.xcconfig */,
				A78D37B5048C4482C254D6A6 /* Pods-Octor.release.xcconfig */,
			);
			path = Pods;
			sourceTree = "<group>";
		};
		777CCAE305635C8243E2C5C3 /* Frameworks */ = {
			isa = PBXGroup;
			children = (
				C71CAE8362299AA6D360C437 /* Pods_Octor.framework */,
			);
			name = Frameworks;
			sourceTree = "<group>";
		};
		B8716EE020D0D9B600ACE7D3 = {
			isa = PBXGroup;
			children = (
				0B31563C23B65F27003330DE /* tessdata */,
				B8716EEB20D0D9B600ACE7D3 /* Octor */,
				B8716EEA20D0D9B600ACE7D3 /* Products */,
				5EC4379CED2B951BF6F56722 /* Pods */,
				777CCAE305635C8243E2C5C3 /* Frameworks */,
			);
			sourceTree = "<group>";
		};
		B8716EEA20D0D9B600ACE7D3 /* Products */ = {
			isa = PBXGroup;
			children = (
				B8716EE920D0D9B600ACE7D3 /* Octor.app */,
			);
			name = Products;
			sourceTree = "<group>";
		};
		B8716EEB20D0D9B600ACE7D3 /* Octor */ = {
			isa = PBXGroup;
			children = (
				0B2ED48A23B7099800C6AC99 /* Model */,
				0B249C4F23B60C9E00BE7D34 /* ViewController */,
				0B13C2FF23B86F980098A6C8 /* Util */,
				B8716EEC20D0D9B600ACE7D3 /* AppDelegate.swift */,
				B8716EF320D0D9B800ACE7D3 /* Assets.xcassets */,
				B8716EF520D0D9B800ACE7D3 /* LaunchScreen.storyboard */,
				B8716EF820D0D9B800ACE7D3 /* Info.plist */,
			);
			path = Octor;
			sourceTree = "<group>";
		};
/* End PBXGroup section */

/* Begin PBXNativeTarget section */
		B8716EE820D0D9B600ACE7D3 /* Octor */ = {
			isa = PBXNativeTarget;
			buildConfigurationList = B8716EFB20D0D9B800ACE7D3 /* Build configuration list for PBXNativeTarget "Octor" */;
			buildPhases = (
				0E4892A6492DD962C6CD4DEB /* [CP] Check Pods Manifest.lock */,
				B8716EE520D0D9B600ACE7D3 /* Sources */,
				B8716EE620D0D9B600ACE7D3 /* Frameworks */,
				B8716EE720D0D9B600ACE7D3 /* Resources */,
				E884B11F1EFCFC4FB4A84301 /* [CP] Embed Pods Frameworks */,
			);
			buildRules = (
			);
			dependencies = (
			);
			name = Octor;
			productName = "Swift Fun";
			productReference = B8716EE920D0D9B600ACE7D3 /* Octor.app */;
			productType = "com.apple.product-type.application";
		};
/* End PBXNativeTarget section */

/* Begin PBXProject section */
		B8716EE120D0D9B600ACE7D3 /* Project object */ = {
			isa = PBXProject;
			attributes = {
				LastSwiftUpdateCheck = 1000;
				LastUpgradeCheck = 1000;
				ORGANIZATIONNAME = "Nick Walter";
				TargetAttributes = {
					B8716EE820D0D9B600ACE7D3 = {
						CreatedOnToolsVersion = 10.0;
						LastSwiftMigration = 1120;
					};
				};
			};
			buildConfigurationList = B8716EE420D0D9B600ACE7D3 /* Build configuration list for PBXProject "Octor" */;
			compatibilityVersion = "Xcode 9.3";
			developmentRegion = en;
			hasScannedForEncodings = 0;
			knownRegions = (
				en,
				Base,
			);
			mainGroup = B8716EE020D0D9B600ACE7D3;
			productRefGroup = B8716EEA20D0D9B600ACE7D3 /* Products */;
			projectDirPath = "";
			projectRoot = "";
			targets = (
				B8716EE820D0D9B600ACE7D3 /* Octor */,
			);
		};
/* End PBXProject section */

/* Begin PBXResourcesBuildPhase section */
		B8716EE720D0D9B600ACE7D3 /* Resources */ = {
			isa = PBXResourcesBuildPhase;
			buildActionMask = 2147483647;
			files = (
				B8716EF720D0D9B800ACE7D3 /* LaunchScreen.storyboard in Resources */,
				B8716EF420D0D9B800ACE7D3 /* Assets.xcassets in Resources */,
				0B31563D23B65F27003330DE /* tessdata in Resources */,
			);
			runOnlyForDeploymentPostprocessing = 0;
		};
/* End PBXResourcesBuildPhase section */

/* Begin PBXShellScriptBuildPhase section */
		0E4892A6492DD962C6CD4DEB /* [CP] Check Pods Manifest.lock */ = {
			isa = PBXShellScriptBuildPhase;
			buildActionMask = 2147483647;
			files = (
			);
			inputFileListPaths = (
			);
			inputPaths = (
				"${PODS_PODFILE_DIR_PATH}/Podfile.lock",
				"${PODS_ROOT}/Manifest.lock",
			);
			name = "[CP] Check Pods Manifest.lock";
			outputFileListPaths = (
			);
			outputPaths = (
				"$(DERIVED_FILE_DIR)/Pods-Octor-checkManifestLockResult.txt",
			);
			runOnlyForDeploymentPostprocessing = 0;
			shellPath = /bin/sh;
			shellScript = "diff \"${PODS_PODFILE_DIR_PATH}/Podfile.lock\" \"${PODS_ROOT}/Manifest.lock\" > /dev/null\nif [ $? != 0 ] ; then\n    # print error to STDERR\n    echo \"error: The sandbox is not in sync with the Podfile.lock. Run 'pod install' or update your CocoaPods installation.\" >&2\n    exit 1\nfi\n# This output is used by Xcode 'outputs' to avoid re-running this script phase.\necho \"SUCCESS\" > \"${SCRIPT_OUTPUT_FILE_0}\"\n";
			showEnvVarsInLog = 0;
		};
		E884B11F1EFCFC4FB4A84301 /* [CP] Embed Pods Frameworks */ = {
			isa = PBXShellScriptBuildPhase;
			buildActionMask = 2147483647;
			files = (
			);
			inputFileListPaths = (
				"${PODS_ROOT}/Target Support Files/Pods-Octor/Pods-Octor-frameworks-${CONFIGURATION}-input-files.xcfilelist",
			);
			name = "[CP] Embed Pods Frameworks";
			outputFileListPaths = (
				"${PODS_ROOT}/Target Support Files/Pods-Octor/Pods-Octor-frameworks-${CONFIGURATION}-output-files.xcfilelist",
			);
			runOnlyForDeploymentPostprocessing = 0;
			shellPath = /bin/sh;
			shellScript = "\"${PODS_ROOT}/Target Support Files/Pods-Octor/Pods-Octor-frameworks.sh\"\n";
			showEnvVarsInLog = 0;
		};
/* End PBXShellScriptBuildPhase section */

/* Begin PBXSourcesBuildPhase section */
		B8716EE520D0D9B600ACE7D3 /* Sources */ = {
			isa = PBXSourcesBuildPhase;
			buildActionMask = 2147483647;
			files = (
				0B13C30623B8E52F0098A6C8 /* CameraPhotoDelegate.swift in Sources */,
				0B2ED49423B71A9D00C6AC99 /* NoteDetailController.swift in Sources */,
				0B13C30123B878D10098A6C8 /* CameraViewController.swift in Sources */,
				0B2ED49223B7182C00C6AC99 /* Writable.swift in Sources */,
				0B2ED48C23B70C0600C6AC99 /* DataSource.swift in Sources */,
				0B2ED48523B6F02700C6AC99 /* TextRecognizer.swift in Sources */,
				0B2ED48923B7085700C6AC99 /* NotesViewController.swift in Sources */,
				0B2ED49023B7181600C6AC99 /* Note.swift in Sources */,
				0B2ED49623B71AFE00C6AC99 /* NoteTableCell.swift in Sources */,
				B8716EED20D0D9B600ACE7D3 /* AppDelegate.swift in Sources */,
				0B2ED48E23B70C2800C6AC99 /* NoteDataSource.swift in Sources */,
			);
			runOnlyForDeploymentPostprocessing = 0;
		};
/* End PBXSourcesBuildPhase section */

/* Begin PBXVariantGroup section */
		B8716EF520D0D9B800ACE7D3 /* LaunchScreen.storyboard */ = {
			isa = PBXVariantGroup;
			children = (
				B8716EF620D0D9B800ACE7D3 /* Base */,
			);
			name = LaunchScreen.storyboard;
			sourceTree = "<group>";
		};
/* End PBXVariantGroup section */

/* Begin XCBuildConfiguration section */
		B8716EF920D0D9B800ACE7D3 /* Debug */ = {
			isa = XCBuildConfiguration;
			buildSettings = {
				ALWAYS_SEARCH_USER_PATHS = NO;
				CLANG_ANALYZER_NONNULL = YES;
				CLANG_ANALYZER_NUMBER_OBJECT_CONVERSION = YES_AGGRESSIVE;
				CLANG_CXX_LANGUAGE_STANDARD = "gnu++14";
				CLANG_CXX_LIBRARY = "libc++";
				CLANG_ENABLE_MODULES = YES;
				CLANG_ENABLE_OBJC_ARC = YES;
				CLANG_ENABLE_OBJC_WEAK = YES;
				CLANG_WARN_BLOCK_CAPTURE_AUTORELEASING = YES;
				CLANG_WARN_BOOL_CONVERSION = YES;
				CLANG_WARN_COMMA = YES;
				CLANG_WARN_CONSTANT_CONVERSION = YES;
				CLANG_WARN_DEPRECATED_OBJC_IMPLEMENTATIONS = YES;
				CLANG_WARN_DIRECT_OBJC_ISA_USAGE = YES_ERROR;
				CLANG_WARN_DOCUMENTATION_COMMENTS = YES;
				CLANG_WARN_EMPTY_BODY = YES;
				CLANG_WARN_ENUM_CONVERSION = YES;
				CLANG_WARN_INFINITE_RECURSION = YES;
				CLANG_WARN_INT_CONVERSION = YES;
				CLANG_WARN_NON_LITERAL_NULL_CONVERSION = YES;
				CLANG_WARN_OBJC_IMPLICIT_RETAIN_SELF = YES;
				CLANG_WARN_OBJC_LITERAL_CONVERSION = YES;
				CLANG_WARN_OBJC_ROOT_CLASS = YES_ERROR;
				CLANG_WARN_RANGE_LOOP_ANALYSIS = YES;
				CLANG_WARN_STRICT_PROTOTYPES = YES;
				CLANG_WARN_SUSPICIOUS_MOVE = YES;
				CLANG_WARN_UNGUARDED_AVAILABILITY = YES_AGGRESSIVE;
				CLANG_WARN_UNREACHABLE_CODE = YES;
				CLANG_WARN__DUPLICATE_METHOD_MATCH = YES;
				CODE_SIGN_IDENTITY = "iPhone Developer";
				COPY_PHASE_STRIP = NO;
				DEBUG_INFORMATION_FORMAT = dwarf;
				ENABLE_STRICT_OBJC_MSGSEND = YES;
				ENABLE_TESTABILITY = YES;
				GCC_C_LANGUAGE_STANDARD = gnu11;
				GCC_DYNAMIC_NO_PIC = NO;
				GCC_NO_COMMON_BLOCKS = YES;
				GCC_OPTIMIZATION_LEVEL = 0;
				GCC_PREPROCESSOR_DEFINITIONS = (
					"DEBUG=1",
					"$(inherited)",
				);
				GCC_WARN_64_TO_32_BIT_CONVERSION = YES;
				GCC_WARN_ABOUT_RETURN_TYPE = YES_ERROR;
				GCC_WARN_UNDECLARED_SELECTOR = YES;
				GCC_WARN_UNINITIALIZED_AUTOS = YES_AGGRESSIVE;
				GCC_WARN_UNUSED_FUNCTION = YES;
				GCC_WARN_UNUSED_VARIABLE = YES;
				IPHONEOS_DEPLOYMENT_TARGET = 12.0;
				MTL_ENABLE_DEBUG_INFO = INCLUDE_SOURCE;
				ONLY_ACTIVE_ARCH = YES;
				SDKROOT = iphoneos;
				SWIFT_ACTIVE_COMPILATION_CONDITIONS = DEBUG;
				SWIFT_OPTIMIZATION_LEVEL = "-Onone";
			};
			name = Debug;
		};
		B8716EFA20D0D9B800ACE7D3 /* Release */ = {
			isa = XCBuildConfiguration;
			buildSettings = {
				ALWAYS_SEARCH_USER_PATHS = NO;
				CLANG_ANALYZER_NONNULL = YES;
				CLANG_ANALYZER_NUMBER_OBJECT_CONVERSION = YES_AGGRESSIVE;
				CLANG_CXX_LANGUAGE_STANDARD = "gnu++14";
				CLANG_CXX_LIBRARY = "libc++";
				CLANG_ENABLE_MODULES = YES;
				CLANG_ENABLE_OBJC_ARC = YES;
				CLANG_ENABLE_OBJC_WEAK = YES;
				CLANG_WARN_BLOCK_CAPTURE_AUTORELEASING = YES;
				CLANG_WARN_BOOL_CONVERSION = YES;
				CLANG_WARN_COMMA = YES;
				CLANG_WARN_CONSTANT_CONVERSION = YES;
				CLANG_WARN_DEPRECATED_OBJC_IMPLEMENTATIONS = YES;
				CLANG_WARN_DIRECT_OBJC_ISA_USAGE = YES_ERROR;
				CLANG_WARN_DOCUMENTATION_COMMENTS = YES;
				CLANG_WARN_EMPTY_BODY = YES;
				CLANG_WARN_ENUM_CONVERSION = YES;
				CLANG_WARN_INFINITE_RECURSION = YES;
				CLANG_WARN_INT_CONVERSION = YES;
				CLANG_WARN_NON_LITERAL_NULL_CONVERSION = YES;
				CLANG_WARN_OBJC_IMPLICIT_RETAIN_SELF = YES;
				CLANG_WARN_OBJC_LITERAL_CONVERSION = YES;
				CLANG_WARN_OBJC_ROOT_CLASS = YES_ERROR;
				CLANG_WARN_RANGE_LOOP_ANALYSIS = YES;
				CLANG_WARN_STRICT_PROTOTYPES = YES;
				CLANG_WARN_SUSPICIOUS_MOVE = YES;
				CLANG_WARN_UNGUARDED_AVAILABILITY = YES_AGGRESSIVE;
				CLANG_WARN_UNREACHABLE_CODE = YES;
				CLANG_WARN__DUPLICATE_METHOD_MATCH = YES;
				CODE_SIGN_IDENTITY = "iPhone Developer";
				COPY_PHASE_STRIP = NO;
				DEBUG_INFORMATION_FORMAT = "dwarf-with-dsym";
				ENABLE_NS_ASSERTIONS = NO;
				ENABLE_STRICT_OBJC_MSGSEND = YES;
				GCC_C_LANGUAGE_STANDARD = gnu11;
				GCC_NO_COMMON_BLOCKS = YES;
				GCC_WARN_64_TO_32_BIT_CONVERSION = YES;
				GCC_WARN_ABOUT_RETURN_TYPE = YES_ERROR;
				GCC_WARN_UNDECLARED_SELECTOR = YES;
				GCC_WARN_UNINITIALIZED_AUTOS = YES_AGGRESSIVE;
				GCC_WARN_UNUSED_FUNCTION = YES;
				GCC_WARN_UNUSED_VARIABLE = YES;
				IPHONEOS_DEPLOYMENT_TARGET = 12.0;
				MTL_ENABLE_DEBUG_INFO = NO;
				SDKROOT = iphoneos;
				SWIFT_COMPILATION_MODE = wholemodule;
				SWIFT_OPTIMIZATION_LEVEL = "-O";
				VALIDATE_PRODUCT = YES;
			};
			name = Release;
		};
		B8716EFC20D0D9B800ACE7D3 /* Debug */ = {
			isa = XCBuildConfiguration;
			baseConfigurationReference = 4B7BAD648B794EB239166903 /* Pods-Octor.debug.xcconfig */;
			buildSettings = {
				ASSETCATALOG_COMPILER_APPICON_NAME = AppIcon;
				CODE_SIGN_STYLE = Automatic;
				DEVELOPMENT_TEAM = D2DQD7Z6FZ;
				INFOPLIST_FILE = "$(SRCROOT)/Octor/Info.plist";
				IPHONEOS_DEPLOYMENT_TARGET = 12.3;
				LD_RUNPATH_SEARCH_PATHS = (
					"$(inherited)",
					"@executable_path/Frameworks",
				);
				PRODUCT_BUNDLE_IDENTIFIER = com.whichxjy.Octor;
				PRODUCT_NAME = "$(TARGET_NAME)";
				SWIFT_VERSION = 5.0;
				TARGETED_DEVICE_FAMILY = 1;
			};
			name = Debug;
		};
		B8716EFD20D0D9B800ACE7D3 /* Release */ = {
			isa = XCBuildConfiguration;
			baseConfigurationReference = A78D37B5048C4482C254D6A6 /* Pods-Octor.release.xcconfig */;
			buildSettings = {
				ASSETCATALOG_COMPILER_APPICON_NAME = AppIcon;
				CODE_SIGN_STYLE = Automatic;
				DEVELOPMENT_TEAM = D2DQD7Z6FZ;
				INFOPLIST_FILE = "$(SRCROOT)/Octor/Info.plist";
				IPHONEOS_DEPLOYMENT_TARGET = 12.3;
				LD_RUNPATH_SEARCH_PATHS = (
					"$(inherited)",
					"@executable_path/Frameworks",
				);
				PRODUCT_BUNDLE_IDENTIFIER = com.whichxjy.Octor;
				PRODUCT_NAME = "$(TARGET_NAME)";
				SWIFT_VERSION = 5.0;
				TARGETED_DEVICE_FAMILY = 1;
			};
			name = Release;
		};
/* End XCBuildConfiguration section */

/* Begin XCConfigurationList section */
		B8716EE420D0D9B600ACE7D3 /* Build configuration list for PBXProject "Octor" */ = {
			isa = XCConfigurationList;
			buildConfigurations = (
				B8716EF920D0D9B800ACE7D3 /* Debug */,
				B8716EFA20D0D9B800ACE7D3 /* Release */,
			);
			defaultConfigurationIsVisible = 0;
			defaultConfigurationName = Release;
		};
		B8716EFB20D0D9B800ACE7D3 /* Build configuration list for PBXNativeTarget "Octor" */ = {
			isa = XCConfigurationList;
			buildConfigurations = (
				B8716EFC20D0D9B800ACE7D3 /* Debug */,
				B8716EFD20D0D9B800ACE7D3 /* Release */,
			);
			defaultConfigurationIsVisible = 0;
			defaultConfigurationName = Release;
		};
/* End XCConfigurationList section */
	};
	rootObject = B8716EE120D0D9B600ACE7D3 /* Project object */;
}
